// !$*UTF8*$!
{
	archiveVersion = 1;
	classes = {
	};
	objectVersion = 48;
	objects = {

/* Begin PBXBuildFile section */
		054B60BA1FC7562300DA06E2 /* ApplicationDelegate.swift in Sources */ = {isa = PBXBuildFile; fileRef = 054B60B61FC7562300DA06E2 /* ApplicationDelegate.swift */; };
		054B60BB1FC7562300DA06E2 /* MainMenu.xib in Resources */ = {isa = PBXBuildFile; fileRef = 054B60B81FC7562300DA06E2 /* MainMenu.xib */; };
		054B60BE1FC7579A00DA06E2 /* README.md in Resources */ = {isa = PBXBuildFile; fileRef = 054B60BD1FC7579A00DA06E2 /* README.md */; };
/* End PBXBuildFile section */

/* Begin PBXFileReference section */
		054B60A41FC755D500DA06E2 /* Patator.app */ = {isa = PBXFileReference; explicitFileType = wrapper.application; includeInIndex = 0; path = Patator.app; sourceTree = BUILT_PRODUCTS_DIR; };
		054B60AE1FC755D500DA06E2 /* Info.plist */ = {isa = PBXFileReference; lastKnownFileType = text.plist.xml; path = Info.plist; sourceTree = "<group>"; };
		054B60AF1FC755D500DA06E2 /* Patator.entitlements */ = {isa = PBXFileReference; lastKnownFileType = text.plist.entitlements; path = Patator.entitlements; sourceTree = "<group>"; };
		054B60B61FC7562300DA06E2 /* ApplicationDelegate.swift */ = {isa = PBXFileReference; fileEncoding = 4; lastKnownFileType = sourcecode.swift; path = ApplicationDelegate.swift; sourceTree = "<group>"; };
		054B60B91FC7562300DA06E2 /* Base */ = {isa = PBXFileReference; lastKnownFileType = file.xib; name = Base; path = Base.lproj/MainMenu.xib; sourceTree = "<group>"; };
		054B60BD1FC7579A00DA06E2 /* README.md */ = {isa = PBXFileReference; fileEncoding = 4; lastKnownFileType = net.daringfireball.markdown; path = README.md; sourceTree = "<group>"; };
/* End PBXFileReference section */

/* Begin PBXFrameworksBuildPhase section */
		054B60A11FC755D500DA06E2 /* Frameworks */ = {
			isa = PBXFrameworksBuildPhase;
			buildActionMask = 2147483647;
			files = (
			);
			runOnlyForDeploymentPostprocessing = 0;
		};
/* End PBXFrameworksBuildPhase section */

/* Begin PBXGroup section */
		054B609B1FC755D500DA06E2 = {
			isa = PBXGroup;
			children = (
				054B60BD1FC7579A00DA06E2 /* README.md */,
				054B60A61FC755D500DA06E2 /* Patator */,
				054B60A51FC755D500DA06E2 /* Products */,
			);
			sourceTree = "<group>";
		};
		054B60A51FC755D500DA06E2 /* Products */ = {
			isa = PBXGroup;
			children = (
				054B60A41FC755D500DA06E2 /* Patator.app */,
			);
			name = Products;
			sourceTree = "<group>";
		};
		054B60A61FC755D500DA06E2 /* Patator */ = {
			isa = PBXGroup;
			children = (
				054B60B51FC7562300DA06E2 /* Classes */,
				054B60B71FC7562300DA06E2 /* UI */,
				054B60AE1FC755D500DA06E2 /* Info.plist */,
				054B60AF1FC755D500DA06E2 /* Patator.entitlements */,
			);
			path = Patator;
			sourceTree = "<group>";
		};
		054B60B51FC7562300DA06E2 /* Classes */ = {
			isa = PBXGroup;
			children = (
				054B60B61FC7562300DA06E2 /* ApplicationDelegate.swift */,
			);
			path = Classes;
			sourceTree = "<group>";
		};
		054B60B71FC7562300DA06E2 /* UI */ = {
			isa = PBXGroup;
			children = (
				054B60B81FC7562300DA06E2 /* MainMenu.xib */,
			);
			path = UI;
			sourceTree = "<group>";
		};
/* End PBXGroup section */

/* Begin PBXNativeTarget section */
		054B60A31FC755D500DA06E2 /* Patator */ = {
			isa = PBXNativeTarget;
			buildConfigurationList = 054B60B21FC755D500DA06E2 /* Build configuration list for PBXNativeTarget "Patator" */;
			buildPhases = (
				054B60A01FC755D500DA06E2 /* Sources */,
				054B60A11FC755D500DA06E2 /* Frameworks */,
				054B60A21FC755D500DA06E2 /* Resources */,
			);
			buildRules = (
			);
			dependencies = (
			);
			name = Patator;
			productName = Patator;
			productReference = 054B60A41FC755D500DA06E2 /* Patator.app */;
			productType = "com.apple.product-type.application";
		};
/* End PBXNativeTarget section */

/* Begin PBXProject section */
		054B609C1FC755D500DA06E2 /* Project object */ = {
			isa = PBXProject;
			attributes = {
				LastSwiftUpdateCheck = 0910;
				LastUpgradeCheck = 0910;
				ORGANIZATIONNAME = "XS-Labs";
				TargetAttributes = {
					054B60A31FC755D500DA06E2 = {
						CreatedOnToolsVersion = 9.1;
						ProvisioningStyle = Automatic;
					};
				};
			};
			buildConfigurationList = 054B609F1FC755D500DA06E2 /* Build configuration list for PBXProject "Patator" */;
			compatibilityVersion = "Xcode 8.0";
			developmentRegion = en;
			hasScannedForEncodings = 0;
			knownRegions = (
				en,
				Base,
			);
			mainGroup = 054B609B1FC755D500DA06E2;
			productRefGroup = 054B60A51FC755D500DA06E2 /* Products */;
			projectDirPath = "";
			projectRoot = "";
			targets = (
				054B60A31FC755D500DA06E2 /* Patator */,
			);
		};
/* End PBXProject section */

/* Begin PBXResourcesBuildPhase section */
		054B60A21FC755D500DA06E2 /* Resources */ = {
			isa = PBXResourcesBuildPhase;
			buildActionMask = 2147483647;
			files = (
				054B60BE1FC7579A00DA06E2 /* README.md in Resources */,
				054B60BB1FC7562300DA06E2 /* MainMenu.xib in Resources */,
			);
			runOnlyForDeploymentPostprocessing = 0;
		};
/* End PBXResourcesBuildPhase section */

/* Begin PBXSourcesBuildPhase section */
		054B60A01FC755D500DA06E2 /* Sources */ = {
			isa = PBXSourcesBuildPhase;
			buildActionMask = 2147483647;
			files = (
				054B60BA1FC7562300DA06E2 /* ApplicationDelegate.swift in Sources */,
			);
			runOnlyForDeploymentPostprocessing = 0;
		};
/* End PBXSourcesBuildPhase section */

/* Begin PBXVariantGroup section */
		054B60B81FC7562300DA06E2 /* MainMenu.xib */ = {
			isa = PBXVariantGroup;
			children = (
				054B60B91FC7562300DA06E2 /* Base */,
			);
			name = MainMenu.xib;
			sourceTree = "<group>";
		};
/* End PBXVariantGroup section */

/* Begin XCBuildConfiguration section */
		054B60B01FC755D500DA06E2 /* Debug */ = {
			isa = XCBuildConfiguration;
			buildSettings = {
				ALWAYS_SEARCH_USER_PATHS = NO;
				CLANG_ANALYZER_NONNULL = YES;
				CLANG_ANALYZER_NUMBER_OBJECT_CONVERSION = YES_AGGRESSIVE;
				CLANG_CXX_LANGUAGE_STANDARD = "gnu++14";
				CLANG_CXX_LIBRARY = "libc++";
				CLANG_ENABLE_MODULES = YES;
				CLANG_ENABLE_OBJC_ARC = YES;
				CLANG_WARN_BLOCK_CAPTURE_AUTORELEASING = YES;
				CLANG_WARN_BOOL_CONVERSION = YES;
				CLANG_WARN_COMMA = YES;
				CLANG_WARN_CONSTANT_CONVERSION = YES;
				CLANG_WARN_DIRECT_OBJC_ISA_USAGE = YES_ERROR;
				CLANG_WARN_DOCUMENTATION_COMMENTS = YES;
				CLANG_WARN_EMPTY_BODY = YES;
				CLANG_WARN_ENUM_CONVERSION = YES;
				CLANG_WARN_INFINITE_RECURSION = YES;
				CLANG_WARN_INT_CONVERSION = YES;
				CLANG_WARN_NON_LITERAL_NULL_CONVERSION = YES;
				CLANG_WARN_OBJC_LITERAL_CONVERSION = YES;
				CLANG_WARN_OBJC_ROOT_CLASS = YES_ERROR;
				CLANG_WARN_RANGE_LOOP_ANALYSIS = YES;
				CLANG_WARN_STRICT_PROTOTYPES = YES;
				CLANG_WARN_SUSPICIOUS_MOVE = YES;
				CLANG_WARN_UNGUARDED_AVAILABILITY = YES_AGGRESSIVE;
				CLANG_WARN_UNREACHABLE_CODE = YES;
				CLANG_WARN__DUPLICATE_METHOD_MATCH = YES;
				CODE_SIGN_IDENTITY = "Mac Developer";
				COPY_PHASE_STRIP = NO;
				DEBUG_INFORMATION_FORMAT = dwarf;
				ENABLE_STRICT_OBJC_MSGSEND = YES;
				ENABLE_TESTABILITY = YES;
				GCC_C_LANGUAGE_STANDARD = gnu11;
				GCC_DYNAMIC_NO_PIC = NO;
				GCC_NO_COMMON_BLOCKS = YES;
				GCC_OPTIMIZATION_LEVEL = 0;
				GCC_PREPROCESSOR_DEFINITIONS = (
					"DEBUG=1",
					"$(inherited)",
				);
				GCC_WARN_64_TO_32_BIT_CONVERSION = YES;
				GCC_WARN_ABOUT_RETURN_TYPE = YES_ERROR;
				GCC_WARN_UNDECLARED_SELECTOR = YES;
				GCC_WARN_UNINITIALIZED_AUTOS = YES_AGGRESSIVE;
				GCC_WARN_UNUSED_FUNCTION = YES;
				GCC_WARN_UNUSED_VARIABLE = YES;
				MACOSX_DEPLOYMENT_TARGET = 10.13;
				MTL_ENABLE_DEBUG_INFO = YES;
				ONLY_ACTIVE_ARCH = YES;
				SDKROOT = macosx;
				SWIFT_ACTIVE_COMPILATION_CONDITIONS = DEBUG;
				SWIFT_OPTIMIZATION_LEVEL = "-Onone";
			};
			name = Debug;
		};
		054B60B11FC755D500DA06E2 /* Release */ = {
			isa = XCBuildConfiguration;
			buildSettings = {
				ALWAYS_SEARCH_USER_PATHS = NO;
				CLANG_ANALYZER_NONNULL = YES;
				CLANG_ANALYZER_NUMBER_OBJECT_CONVERSION = YES_AGGRESSIVE;
				CLANG_CXX_LANGUAGE_STANDARD = "gnu++14";
				CLANG_CXX_LIBRARY = "libc++";
				CLANG_ENABLE_MODULES = YES;
				CLANG_ENABLE_OBJC_ARC = YES;
				CLANG_WARN_BLOCK_CAPTURE_AUTORELEASING = YES;
				CLANG_WARN_BOOL_CONVERSION = YES;
				CLANG_WARN_COMMA = YES;
				CLANG_WARN_CONSTANT_CONVERSION = YES;
				CLANG_WARN_DIRECT_OBJC_ISA_USAGE = YES_ERROR;
				CLANG_WARN_DOCUMENTATION_COMMENTS = YES;
				CLANG_WARN_EMPTY_BODY = YES;
				CLANG_WARN_ENUM_CONVERSION = YES;
				CLANG_WARN_INFINITE_RECURSION = YES;
				CLANG_WARN_INT_CONVERSION = YES;
				CLANG_WARN_NON_LITERAL_NULL_CONVERSION = YES;
				CLANG_WARN_OBJC_LITERAL_CONVERSION = YES;
				CLANG_WARN_OBJC_ROOT_CLASS = YES_ERROR;
				CLANG_WARN_RANGE_LOOP_ANALYSIS = YES;
				CLANG_WARN_STRICT_PROTOTYPES = YES;
				CLANG_WARN_SUSPICIOUS_MOVE = YES;
				CLANG_WARN_UNGUARDED_AVAILABILITY = YES_AGGRESSIVE;
				CLANG_WARN_UNREACHABLE_CODE = YES;
				CLANG_WARN__DUPLICATE_METHOD_MATCH = YES;
				CODE_SIGN_IDENTITY = "Mac Developer";
				COPY_PHASE_STRIP = NO;
				DEBUG_INFORMATION_FORMAT = "dwarf-with-dsym";
				ENABLE_NS_ASSERTIONS = NO;
				ENABLE_STRICT_OBJC_MSGSEND = YES;
				GCC_C_LANGUAGE_STANDARD = gnu11;
				GCC_NO_COMMON_BLOCKS = YES;
				GCC_WARN_64_TO_32_BIT_CONVERSION = YES;
				GCC_WARN_ABOUT_RETURN_TYPE = YES_ERROR;
				GCC_WARN_UNDECLARED_SELECTOR = YES;
				GCC_WARN_UNINITIALIZED_AUTOS = YES_AGGRESSIVE;
				GCC_WARN_UNUSED_FUNCTION = YES;
				GCC_WARN_UNUSED_VARIABLE = YES;
				MACOSX_DEPLOYMENT_TARGET = 10.13;
				MTL_ENABLE_DEBUG_INFO = NO;
				SDKROOT = macosx;
				SWIFT_OPTIMIZATION_LEVEL = "-Owholemodule";
			};
			name = Release;
		};
		054B60B31FC755D500DA06E2 /* Debug */ = {
			isa = XCBuildConfiguration;
			buildSettings = {
				CODE_SIGN_ENTITLEMENTS = Patator/Patator.entitlements;
				CODE_SIGN_STYLE = Automatic;
				COMBINE_HIDPI_IMAGES = YES;
				DEVELOPMENT_TEAM = 326Y53CJMD;
				INFOPLIST_FILE = Patator/Info.plist;
				LD_RUNPATH_SEARCH_PATHS = "$(inherited) @executable_path/../Frameworks";
				PRODUCT_BUNDLE_IDENTIFIER = "com.xs-labs.Patator";
				PRODUCT_NAME = "$(TARGET_NAME)";
				SWIFT_VERSION = 4.0;
			};
			name = Debug;
		};
		054B60B41FC755D500DA06E2 /* Release */ = {
			isa = XCBuildConfiguration;
			buildSettings = {
				CODE_SIGN_ENTITLEMENTS = Patator/Patator.entitlements;
				CODE_SIGN_STYLE = Automatic;
				COMBINE_HIDPI_IMAGES = YES;
				DEVELOPMENT_TEAM = 326Y53CJMD;
				INFOPLIST_FILE = Patator/Info.plist;
				LD_RUNPATH_SEARCH_PATHS = "$(inherited) @executable_path/../Frameworks";
				PRODUCT_BUNDLE_IDENTIFIER = "com.xs-labs.Patator";
				PRODUCT_NAME = "$(TARGET_NAME)";
				SWIFT_VERSION = 4.0;
			};
			name = Release;
		};
/* End XCBuildConfiguration section */

/* Begin XCConfigurationList section */
		054B609F1FC755D500DA06E2 /* Build configuration list for PBXProject "Patator" */ = {
			isa = XCConfigurationList;
			buildConfigurations = (
				054B60B01FC755D500DA06E2 /* Debug */,
				054B60B11FC755D500DA06E2 /* Release */,
			);
			defaultConfigurationIsVisible = 0;
			defaultConfigurationName = Release;
		};
		054B60B21FC755D500DA06E2 /* Build configuration list for PBXNativeTarget "Patator" */ = {
			isa = XCConfigurationList;
			buildConfigurations = (
				054B60B31FC755D500DA06E2 /* Debug */,
				054B60B41FC755D500DA06E2 /* Release */,
			);
			defaultConfigurationIsVisible = 0;
			defaultConfigurationName = Release;
		};
/* End XCConfigurationList section */
	};
	rootObject = 054B609C1FC755D500DA06E2 /* Project object */;
}
